
Microsoft Visual Studio Solution File, Format Version 12.00
Project("{FAE04EC0-301F-11D3-BF4B-00C04F79EFBC}") = "Marscore.Memory", "Marscore.Memory\Marscore.Memory.csproj", "{47ACD6A7-67EE-495E-ABC5-87DA22A461D1}"
EndProject
Project("{FAE04EC0-301F-11D3-BF4B-00C04F79EFBC}") = "Marscore.Essentials", "Marscore.Essentials\Marscore.Essentials.csproj", "{B7FF9C44-7FDD-4AF5-9635-DB9FA148CA7C}"
EndProject
Global
	GlobalSection(SolutionConfigurationPlatforms) = preSolution
		Debug|Any CPU = Debug|Any CPU
		Release|Any CPU = Release|Any CPU
	EndGlobalSection
	GlobalSection(ProjectConfigurationPlatforms) = postSolution
		{47ACD6A7-67EE-495E-ABC5-87DA22A461D1}.Debug|Any CPU.ActiveCfg = Debug|Any CPU
		{47ACD6A7-67EE-495E-ABC5-87DA22A461D1}.Debug|Any CPU.Build.0 = Debug|Any CPU
		{47ACD6A7-67EE-495E-ABC5-87DA22A461D1}.Release|Any CPU.ActiveCfg = Release|Any CPU
		{47ACD6A7-67EE-495E-ABC5-87DA22A461D1}.Release|Any CPU.Build.0 = Release|Any CPU
		{B7FF9C44-7FDD-4AF5-9635-DB9FA148CA7C}.Debug|Any CPU.ActiveCfg = Debug|Any CPU
		{B7FF9C44-7FDD-4AF5-9635-DB9FA148CA7C}.Debug|Any CPU.Build.0 = Debug|Any CPU
		{B7FF9C44-7FDD-4AF5-9635-DB9FA148CA7C}.Release|Any CPU.ActiveCfg = Release|Any CPU
		{B7FF9C44-7FDD-4AF5-9635-DB9FA148CA7C}.Release|Any CPU.Build.0 = Release|Any CPU
	EndGlobalSection
EndGlobal
